
Microsoft Visual Studio Solution File, Format Version 12.00
# Visual Studio Version 16
VisualStudioVersion = 16.0.32929.386
MinimumVisualStudioVersion = 10.0.40219.1
Project("{FAE04EC0-301F-11D3-BF4B-00C04F79EFBC}") = "ImageEdgeDetection", "ImageEdgeDetection\ImageEdgeDetection.csproj", "{7DBEE0D3-2DBD-4E8A-BA07-BDB1C95EB366}"
EndProject
Project("{9A19103F-16F7-4668-BE54-9A1E7A4F7556}") = "ImageEdgeDetectionTest", "ImageEdgeDetectionTest\ImageEdgeDetectionTest.csproj", "{F020BF70-7CA2-4342-A521-2C45982318BD}"
	ProjectSection(ProjectDependencies) = postProject
		{7DBEE0D3-2DBD-4E8A-BA07-BDB1C95EB366} = {7DBEE0D3-2DBD-4E8A-BA07-BDB1C95EB366}
	EndProjectSection
EndProject
Global
	GlobalSection(SolutionConfigurationPlatforms) = preSolution
		Debug|Any CPU = Debug|Any CPU
		Debug|x86 = Debug|x86
		Release|Any CPU = Release|Any CPU
		Release|x86 = Release|x86
	EndGlobalSection
	GlobalSection(ProjectConfigurationPlatforms) = postSolution
		{7DBEE0D3-2DBD-4E8A-BA07-BDB1C95EB366}.Debug|Any CPU.ActiveCfg = Debug|x86
		{7DBEE0D3-2DBD-4E8A-BA07-BDB1C95EB366}.Debug|x86.ActiveCfg = Debug|x86
		{7DBEE0D3-2DBD-4E8A-BA07-BDB1C95EB366}.Debug|x86.Build.0 = Debug|x86
		{7DBEE0D3-2DBD-4E8A-BA07-BDB1C95EB366}.Release|Any CPU.ActiveCfg = Release|x86
		{7DBEE0D3-2DBD-4E8A-BA07-BDB1C95EB366}.Release|x86.ActiveCfg = Release|x86
		{7DBEE0D3-2DBD-4E8A-BA07-BDB1C95EB366}.Release|x86.Build.0 = Release|x86
		{F020BF70-7CA2-4342-A521-2C45982318BD}.Debug|Any CPU.ActiveCfg = Debug|Any CPU
		{F020BF70-7CA2-4342-A521-2C45982318BD}.Debug|Any CPU.Build.0 = Debug|Any CPU
		{F020BF70-7CA2-4342-A521-2C45982318BD}.Debug|x86.ActiveCfg = Debug|Any CPU
		{F020BF70-7CA2-4342-A521-2C45982318BD}.Debug|x86.Build.0 = Debug|Any CPU
		{F020BF70-7CA2-4342-A521-2C45982318BD}.Release|Any CPU.ActiveCfg = Release|Any CPU
		{F020BF70-7CA2-4342-A521-2C45982318BD}.Release|Any CPU.Build.0 = Release|Any CPU
		{F020BF70-7CA2-4342-A521-2C45982318BD}.Release|x86.ActiveCfg = Release|Any CPU
		{F020BF70-7CA2-4342-A521-2C45982318BD}.Release|x86.Build.0 = Release|Any CPU
	EndGlobalSection
	GlobalSection(SolutionProperties) = preSolution
		HideSolutionNode = FALSE
	EndGlobalSection
	GlobalSection(ExtensibilityGlobals) = postSolution
		SolutionGuid = {70859220-7114-4F44-B3E7-D6D6B4F9F838}
	EndGlobalSection
EndGlobal
